
Microsoft Visual Studio Solution File, Format Version 12.00
# Visual Studio Version 17
VisualStudioVersion = 17.5.33530.505
MinimumVisualStudioVersion = 10.0.40219.1
Project("{2150E333-8FDC-42A3-9474-1A3956D46DE8}") = "Services", "Services", "{977795D6-CB0B-4059-81C3-3405B4BCEBDA}"
EndProject
Project("{2150E333-8FDC-42A3-9474-1A3956D46DE8}") = "Catalog", "Catalog", "{DFAA195B-46EB-412F-878E-FF28547658CD}"
EndProject
Project("{FAE04EC0-301F-11D3-BF4B-00C04F79EFBC}") = "Catalog.API", "Services\Catalog\Catalog.API\Catalog.API.csproj", "{DDAD9107-2F51-4181-A988-823258B711C6}"
EndProject
Global
	GlobalSection(SolutionConfigurationPlatforms) = preSolution
		Debug|Any CPU = Debug|Any CPU
		Release|Any CPU = Release|Any CPU
	EndGlobalSection
	GlobalSection(ProjectConfigurationPlatforms) = postSolution
		{DDAD9107-2F51-4181-A988-823258B711C6}.Debug|Any CPU.ActiveCfg = Debug|Any CPU
		{DDAD9107-2F51-4181-A988-823258B711C6}.Debug|Any CPU.Build.0 = Debug|Any CPU
		{DDAD9107-2F51-4181-A988-823258B711C6}.Release|Any CPU.ActiveCfg = Release|Any CPU
		{DDAD9107-2F51-4181-A988-823258B711C6}.Release|Any CPU.Build.0 = Release|Any CPU
	EndGlobalSection
	GlobalSection(SolutionProperties) = preSolution
		HideSolutionNode = FALSE
	EndGlobalSection
	GlobalSection(NestedProjects) = preSolution
		{DFAA195B-46EB-412F-878E-FF28547658CD} = {977795D6-CB0B-4059-81C3-3405B4BCEBDA}
		{DDAD9107-2F51-4181-A988-823258B711C6} = {DFAA195B-46EB-412F-878E-FF28547658CD}
	EndGlobalSection
	GlobalSection(ExtensibilityGlobals) = postSolution
		SolutionGuid = {142E1DBD-7188-4985-804D-5F84B0226E3D}
	EndGlobalSection
EndGlobal
